
Microsoft Visual Studio Solution File, Format Version 12.00
# Visual Studio 2013
VisualStudioVersion = 12.0.31101.0
MinimumVisualStudioVersion = 10.0.40219.1
Project("{FAE04EC0-301F-11D3-BF4B-00C04F79EFBC}") = "AWE.PWF.WEB", "AWE.PWF.WEB\AWE.PWF.WEB.csproj", "{B7238CB6-5A5D-4ECB-81CA-891FDC51572E}"
EndProject
Project("{2150E333-8FDC-42A3-9474-1A3956D46DE8}") = "AWE.Framework", "AWE.Framework", "{53857544-DBEB-4242-AECB-7DB85A4577D8}"
EndProject
Project("{FAE04EC0-301F-11D3-BF4B-00C04F79EFBC}") = "AWE.Framework.Common", "AWE.Framework.Common\AWE.Framework.Common.csproj", "{A4F3CF78-075D-4894-9618-3643EE715757}"
EndProject
Project("{FAE04EC0-301F-11D3-BF4B-00C04F79EFBC}") = "AWE.Framework.DataAccess", "AWE.Framework.DataAccess\AWE.Framework.DataAccess.csproj", "{D4C3CF62-3AC8-4E42-9EB2-E4AE25617D62}"
	ProjectSection(ProjectDependencies) = postProject
		{A4F3CF78-075D-4894-9618-3643EE715757} = {A4F3CF78-075D-4894-9618-3643EE715757}
	EndProjectSection
EndProject
Global
	GlobalSection(SolutionConfigurationPlatforms) = preSolution
		Debug|Any CPU = Debug|Any CPU
		Release|Any CPU = Release|Any CPU
	EndGlobalSection
	GlobalSection(ProjectConfigurationPlatforms) = postSolution
		{B7238CB6-5A5D-4ECB-81CA-891FDC51572E}.Debug|Any CPU.ActiveCfg = Debug|Any CPU
		{B7238CB6-5A5D-4ECB-81CA-891FDC51572E}.Debug|Any CPU.Build.0 = Debug|Any CPU
		{B7238CB6-5A5D-4ECB-81CA-891FDC51572E}.Release|Any CPU.ActiveCfg = Release|Any CPU
		{B7238CB6-5A5D-4ECB-81CA-891FDC51572E}.Release|Any CPU.Build.0 = Release|Any CPU
		{A4F3CF78-075D-4894-9618-3643EE715757}.Debug|Any CPU.ActiveCfg = Debug|Any CPU
		{A4F3CF78-075D-4894-9618-3643EE715757}.Debug|Any CPU.Build.0 = Debug|Any CPU
		{A4F3CF78-075D-4894-9618-3643EE715757}.Release|Any CPU.ActiveCfg = Release|Any CPU
		{A4F3CF78-075D-4894-9618-3643EE715757}.Release|Any CPU.Build.0 = Release|Any CPU
		{D4C3CF62-3AC8-4E42-9EB2-E4AE25617D62}.Debug|Any CPU.ActiveCfg = Debug|Any CPU
		{D4C3CF62-3AC8-4E42-9EB2-E4AE25617D62}.Debug|Any CPU.Build.0 = Debug|Any CPU
		{D4C3CF62-3AC8-4E42-9EB2-E4AE25617D62}.Release|Any CPU.ActiveCfg = Release|Any CPU
		{D4C3CF62-3AC8-4E42-9EB2-E4AE25617D62}.Release|Any CPU.Build.0 = Release|Any CPU
	EndGlobalSection
	GlobalSection(SolutionProperties) = preSolution
		HideSolutionNode = FALSE
	EndGlobalSection
	GlobalSection(NestedProjects) = preSolution
		{A4F3CF78-075D-4894-9618-3643EE715757} = {53857544-DBEB-4242-AECB-7DB85A4577D8}
		{D4C3CF62-3AC8-4E42-9EB2-E4AE25617D62} = {53857544-DBEB-4242-AECB-7DB85A4577D8}
	EndGlobalSection
EndGlobal
