
Microsoft Visual Studio Solution File, Format Version 12.00
# Visual Studio 2013
VisualStudioVersion = 12.0.31101.0
MinimumVisualStudioVersion = 10.0.40219.1
Project("{FAE04EC0-301F-11D3-BF4B-00C04F79EFBC}") = "AWE.PWF.WEB", "AWE.PWF.WEB\AWE.PWF.WEB.csproj", "{B7238CB6-5A5D-4ECB-81CA-891FDC51572E}"
EndProject
Project("{FAE04EC0-301F-11D3-BF4B-00C04F79EFBC}") = "AWE.PWF.Business", "AWE.PWF.Business\AWE.PWF.Business.csproj", "{94C82171-C239-48B2-9DA9-F4A5B153C053}"
EndProject
Project("{FAE04EC0-301F-11D3-BF4B-00C04F79EFBC}") = "AWE.PWF.Entities", "AWE.PWF.Entities\AWE.PWF.Entities.csproj", "{B5A368A3-3389-4132-833B-223E35A5F4C9}"
EndProject
Project("{FAE04EC0-301F-11D3-BF4B-00C04F79EFBC}") = "AWE.PWF.Common", "AWE.PWF.Common\AWE.PWF.Common.csproj", "{58A325C7-B848-414E-BB31-8739451C1BDA}"
EndProject
Global
	GlobalSection(SolutionConfigurationPlatforms) = preSolution
		Debug|Any CPU = Debug|Any CPU
		Release|Any CPU = Release|Any CPU
	EndGlobalSection
	GlobalSection(ProjectConfigurationPlatforms) = postSolution
		{B7238CB6-5A5D-4ECB-81CA-891FDC51572E}.Debug|Any CPU.ActiveCfg = Debug|Any CPU
		{B7238CB6-5A5D-4ECB-81CA-891FDC51572E}.Debug|Any CPU.Build.0 = Debug|Any CPU
		{B7238CB6-5A5D-4ECB-81CA-891FDC51572E}.Release|Any CPU.ActiveCfg = Release|Any CPU
		{B7238CB6-5A5D-4ECB-81CA-891FDC51572E}.Release|Any CPU.Build.0 = Release|Any CPU
		{94C82171-C239-48B2-9DA9-F4A5B153C053}.Debug|Any CPU.ActiveCfg = Debug|Any CPU
		{94C82171-C239-48B2-9DA9-F4A5B153C053}.Debug|Any CPU.Build.0 = Debug|Any CPU
		{94C82171-C239-48B2-9DA9-F4A5B153C053}.Release|Any CPU.ActiveCfg = Release|Any CPU
		{94C82171-C239-48B2-9DA9-F4A5B153C053}.Release|Any CPU.Build.0 = Release|Any CPU
		{B5A368A3-3389-4132-833B-223E35A5F4C9}.Debug|Any CPU.ActiveCfg = Debug|Any CPU
		{B5A368A3-3389-4132-833B-223E35A5F4C9}.Debug|Any CPU.Build.0 = Debug|Any CPU
		{B5A368A3-3389-4132-833B-223E35A5F4C9}.Release|Any CPU.ActiveCfg = Release|Any CPU
		{B5A368A3-3389-4132-833B-223E35A5F4C9}.Release|Any CPU.Build.0 = Release|Any CPU
		{58A325C7-B848-414E-BB31-8739451C1BDA}.Debug|Any CPU.ActiveCfg = Debug|Any CPU
		{58A325C7-B848-414E-BB31-8739451C1BDA}.Debug|Any CPU.Build.0 = Debug|Any CPU
		{58A325C7-B848-414E-BB31-8739451C1BDA}.Release|Any CPU.ActiveCfg = Release|Any CPU
		{58A325C7-B848-414E-BB31-8739451C1BDA}.Release|Any CPU.Build.0 = Release|Any CPU
	EndGlobalSection
	GlobalSection(SolutionProperties) = preSolution
		HideSolutionNode = FALSE
	EndGlobalSection
EndGlobal
