
Microsoft Visual Studio Solution File, Format Version 12.00
# Visual Studio 2013
VisualStudioVersion = 12.0.31101.0
MinimumVisualStudioVersion = 10.0.40219.1
Project("{FAE04EC0-301F-11D3-BF4B-00C04F79EFBC}") = "AWE.PWF.WEB", "AWE.PWF.WEB\AWE.PWF.WEB.csproj", "{B7238CB6-5A5D-4ECB-81CA-891FDC51572E}"
EndProject
Global
	GlobalSection(SolutionConfigurationPlatforms) = preSolution
		Debug|Any CPU = Debug|Any CPU
		Release|Any CPU = Release|Any CPU
	EndGlobalSection
	GlobalSection(ProjectConfigurationPlatforms) = postSolution
		{B7238CB6-5A5D-4ECB-81CA-891FDC51572E}.Debug|Any CPU.ActiveCfg = Debug|Any CPU
		{B7238CB6-5A5D-4ECB-81CA-891FDC51572E}.Debug|Any CPU.Build.0 = Debug|Any CPU
		{B7238CB6-5A5D-4ECB-81CA-891FDC51572E}.Release|Any CPU.ActiveCfg = Release|Any CPU
		{B7238CB6-5A5D-4ECB-81CA-891FDC51572E}.Release|Any CPU.Build.0 = Release|Any CPU
	EndGlobalSection
	GlobalSection(SolutionProperties) = preSolution
		HideSolutionNode = FALSE
	EndGlobalSection
EndGlobal
